// !$*UTF8*$!
{
	archiveVersion = 1;
	classes = {
	};
	objectVersion = 51;
	objects = {

/* Begin PBXBuildFile section */
		2EB4BEAB9E8B0C59B2038F7D /* Pods_ios_learning_app.framework in Frameworks */ = {isa = PBXBuildFile; fileRef = 302CB5E74EECC477F3787DC5 /* Pods_ios_learning_app.framework */; };
		D4179AD22689DB0E008A4B67 /* ManagerAssembly.swift in Sources */ = {isa = PBXBuildFile; fileRef = D4179AD12689DB0E008A4B67 /* ManagerAssembly.swift */; };
		D4179AD42689EDC4008A4B67 /* AutoAssemble.swift in Sources */ = {isa = PBXBuildFile; fileRef = D4179AD32689EDC4008A4B67 /* AutoAssemble.swift */; };
		D43F5DFF2670067300C17DF9 /* LoginAPI.swift in Sources */ = {isa = PBXBuildFile; fileRef = D43F5DFE2670067300C17DF9 /* LoginAPI.swift */; };
		D43F5E0126700B9F00C17DF9 /* Dashboard.storyboard in Resources */ = {isa = PBXBuildFile; fileRef = D43F5E0026700B9F00C17DF9 /* Dashboard.storyboard */; };
		D43F5E0326700C2B00C17DF9 /* DashboardViewController.swift in Sources */ = {isa = PBXBuildFile; fileRef = D43F5E0226700C2B00C17DF9 /* DashboardViewController.swift */; };
		D4931BDF2657A6700017AD81 /* AppDelegate.swift in Sources */ = {isa = PBXBuildFile; fileRef = D4931BDE2657A6700017AD81 /* AppDelegate.swift */; };
		D4931BE12657A6700017AD81 /* SceneDelegate.swift in Sources */ = {isa = PBXBuildFile; fileRef = D4931BE02657A6700017AD81 /* SceneDelegate.swift */; };
		D4931BE32657A6700017AD81 /* LoginViewController.swift in Sources */ = {isa = PBXBuildFile; fileRef = D4931BE22657A6700017AD81 /* LoginViewController.swift */; };
		D4931BE62657A6700017AD81 /* Login.storyboard in Resources */ = {isa = PBXBuildFile; fileRef = D4931BE42657A6700017AD81 /* Login.storyboard */; };
		D4931BE82657A6720017AD81 /* Assets.xcassets in Resources */ = {isa = PBXBuildFile; fileRef = D4931BE72657A6720017AD81 /* Assets.xcassets */; };
		D4931BEB2657A6720017AD81 /* LaunchScreen.storyboard in Resources */ = {isa = PBXBuildFile; fileRef = D4931BE92657A6720017AD81 /* LaunchScreen.storyboard */; };
		D4931BF42657BCFF0017AD81 /* Roboto-Regular.ttf in Resources */ = {isa = PBXBuildFile; fileRef = D4931BF32657BCFF0017AD81 /* Roboto-Regular.ttf */; };
		D4931BF72657EFB20017AD81 /* TextFieldExtension.swift in Sources */ = {isa = PBXBuildFile; fileRef = D4931BF62657EFB20017AD81 /* TextFieldExtension.swift */; };
		D4A1FA0426657C020013FBBE /* NetworkManager.swift in Sources */ = {isa = PBXBuildFile; fileRef = D4A1FA0326657C020013FBBE /* NetworkManager.swift */; };
		D4A1FA0626657C0F0013FBBE /* SessionManager.swift in Sources */ = {isa = PBXBuildFile; fileRef = D4A1FA0526657C0F0013FBBE /* SessionManager.swift */; };
		D4A4F51626662FC50026B0A6 /* MultiMoyaProvider.swift in Sources */ = {isa = PBXBuildFile; fileRef = D4A4F51526662FC50026B0A6 /* MultiMoyaProvider.swift */; };
		D4A974F9268272740095EAE0 /* LoginViewModel.swift in Sources */ = {isa = PBXBuildFile; fileRef = D4A974F8268272740095EAE0 /* LoginViewModel.swift */; };
		D4A974FB268279F10095EAE0 /* LoginResponse.swift in Sources */ = {isa = PBXBuildFile; fileRef = D4A974FA268279F10095EAE0 /* LoginResponse.swift */; };
		D4A974FE26828DA10095EAE0 /* Container.swift in Sources */ = {isa = PBXBuildFile; fileRef = D4A974FD26828DA10095EAE0 /* Container.swift */; };
		D4CDBE432689F37E00C8E86A /* DashboardViewModel.swift in Sources */ = {isa = PBXBuildFile; fileRef = D4CDBE422689F37E00C8E86A /* DashboardViewModel.swift */; };
		D4D7CCC42679CD2400DF121B /* access_token.json in Resources */ = {isa = PBXBuildFile; fileRef = D4D7CCC32679CD2400DF121B /* access_token.json */; };
		D4D7CCC62679CD5000DF121B /* stubbedResponse.swift in Sources */ = {isa = PBXBuildFile; fileRef = D4D7CCC52679CD5000DF121B /* stubbedResponse.swift */; };
/* End PBXBuildFile section */

/* Begin PBXFileReference section */
		15FF72AB7015A5B890955155 /* Pods-ios-learning-app.release.xcconfig */ = {isa = PBXFileReference; includeInIndex = 1; lastKnownFileType = text.xcconfig; name = "Pods-ios-learning-app.release.xcconfig"; path = "Target Support Files/Pods-ios-learning-app/Pods-ios-learning-app.release.xcconfig"; sourceTree = "<group>"; };
		302CB5E74EECC477F3787DC5 /* Pods_ios_learning_app.framework */ = {isa = PBXFileReference; explicitFileType = wrapper.framework; includeInIndex = 0; path = Pods_ios_learning_app.framework; sourceTree = BUILT_PRODUCTS_DIR; };
		76DA16EAFF84F288D80EF3D9 /* Pods-ios-learning-app.debug.xcconfig */ = {isa = PBXFileReference; includeInIndex = 1; lastKnownFileType = text.xcconfig; name = "Pods-ios-learning-app.debug.xcconfig"; path = "Target Support Files/Pods-ios-learning-app/Pods-ios-learning-app.debug.xcconfig"; sourceTree = "<group>"; };
		D4179AD12689DB0E008A4B67 /* ManagerAssembly.swift */ = {isa = PBXFileReference; lastKnownFileType = sourcecode.swift; path = ManagerAssembly.swift; sourceTree = "<group>"; };
		D4179AD32689EDC4008A4B67 /* AutoAssemble.swift */ = {isa = PBXFileReference; lastKnownFileType = sourcecode.swift; path = AutoAssemble.swift; sourceTree = "<group>"; };
		D43F5DFE2670067300C17DF9 /* LoginAPI.swift */ = {isa = PBXFileReference; lastKnownFileType = sourcecode.swift; path = LoginAPI.swift; sourceTree = "<group>"; };
		D43F5E0026700B9F00C17DF9 /* Dashboard.storyboard */ = {isa = PBXFileReference; lastKnownFileType = file.storyboard; path = Dashboard.storyboard; sourceTree = "<group>"; };
		D43F5E0226700C2B00C17DF9 /* DashboardViewController.swift */ = {isa = PBXFileReference; lastKnownFileType = sourcecode.swift; path = DashboardViewController.swift; sourceTree = "<group>"; };
		D4931BDB2657A6700017AD81 /* ios-learning-app.app */ = {isa = PBXFileReference; explicitFileType = wrapper.application; includeInIndex = 0; path = "ios-learning-app.app"; sourceTree = BUILT_PRODUCTS_DIR; };
		D4931BDE2657A6700017AD81 /* AppDelegate.swift */ = {isa = PBXFileReference; lastKnownFileType = sourcecode.swift; path = AppDelegate.swift; sourceTree = "<group>"; };
		D4931BE02657A6700017AD81 /* SceneDelegate.swift */ = {isa = PBXFileReference; lastKnownFileType = sourcecode.swift; path = SceneDelegate.swift; sourceTree = "<group>"; };
		D4931BE22657A6700017AD81 /* LoginViewController.swift */ = {isa = PBXFileReference; lastKnownFileType = sourcecode.swift; name = LoginViewController.swift; path = "/Users/newmobileapp/Documents/ios-learning-app/ios-learning-app/UseCase/Login/LoginViewController.swift"; sourceTree = "<absolute>"; };
		D4931BE52657A6700017AD81 /* Base */ = {isa = PBXFileReference; lastKnownFileType = file.storyboard; name = Base; path = Base.lproj/Login.storyboard; sourceTree = "<group>"; };
		D4931BE72657A6720017AD81 /* Assets.xcassets */ = {isa = PBXFileReference; lastKnownFileType = folder.assetcatalog; path = Assets.xcassets; sourceTree = "<group>"; };
		D4931BEA2657A6720017AD81 /* Base */ = {isa = PBXFileReference; lastKnownFileType = file.storyboard; name = Base; path = Base.lproj/LaunchScreen.storyboard; sourceTree = "<group>"; };
		D4931BEC2657A6720017AD81 /* Info.plist */ = {isa = PBXFileReference; lastKnownFileType = text.plist.xml; path = Info.plist; sourceTree = "<group>"; };
		D4931BF32657BCFF0017AD81 /* Roboto-Regular.ttf */ = {isa = PBXFileReference; lastKnownFileType = file; path = "Roboto-Regular.ttf"; sourceTree = "<group>"; };
		D4931BF62657EFB20017AD81 /* TextFieldExtension.swift */ = {isa = PBXFileReference; lastKnownFileType = sourcecode.swift; name = TextFieldExtension.swift; path = "/Users/newmobileapp/Documents/ios-learning-app/ios-learning-app/Extension/TextFieldExtension.swift"; sourceTree = "<absolute>"; };
		D4A1FA0326657C020013FBBE /* NetworkManager.swift */ = {isa = PBXFileReference; lastKnownFileType = sourcecode.swift; path = NetworkManager.swift; sourceTree = "<group>"; };
		D4A1FA0526657C0F0013FBBE /* SessionManager.swift */ = {isa = PBXFileReference; lastKnownFileType = sourcecode.swift; path = SessionManager.swift; sourceTree = "<group>"; };
		D4A4F51526662FC50026B0A6 /* MultiMoyaProvider.swift */ = {isa = PBXFileReference; lastKnownFileType = sourcecode.swift; path = MultiMoyaProvider.swift; sourceTree = "<group>"; };
		D4A974F8268272740095EAE0 /* LoginViewModel.swift */ = {isa = PBXFileReference; lastKnownFileType = sourcecode.swift; path = LoginViewModel.swift; sourceTree = "<group>"; };
		D4A974FA268279F10095EAE0 /* LoginResponse.swift */ = {isa = PBXFileReference; lastKnownFileType = sourcecode.swift; path = LoginResponse.swift; sourceTree = "<group>"; };
		D4A974FD26828DA10095EAE0 /* Container.swift */ = {isa = PBXFileReference; lastKnownFileType = sourcecode.swift; path = Container.swift; sourceTree = "<group>"; };
		D4CDBE422689F37E00C8E86A /* DashboardViewModel.swift */ = {isa = PBXFileReference; lastKnownFileType = sourcecode.swift; path = DashboardViewModel.swift; sourceTree = "<group>"; };
		D4D7CCC32679CD2400DF121B /* access_token.json */ = {isa = PBXFileReference; lastKnownFileType = text.json; path = access_token.json; sourceTree = "<group>"; };
		D4D7CCC52679CD5000DF121B /* stubbedResponse.swift */ = {isa = PBXFileReference; lastKnownFileType = sourcecode.swift; path = stubbedResponse.swift; sourceTree = "<group>"; };
/* End PBXFileReference section */

/* Begin PBXFrameworksBuildPhase section */
		D4931BD82657A6700017AD81 /* Frameworks */ = {
			isa = PBXFrameworksBuildPhase;
			buildActionMask = 2147483647;
			files = (
				2EB4BEAB9E8B0C59B2038F7D /* Pods_ios_learning_app.framework in Frameworks */,
			);
			runOnlyForDeploymentPostprocessing = 0;
		};
/* End PBXFrameworksBuildPhase section */

/* Begin PBXGroup section */
		8A56371886D380F2720ED68B /* Frameworks */ = {
			isa = PBXGroup;
			children = (
				302CB5E74EECC477F3787DC5 /* Pods_ios_learning_app.framework */,
			);
			name = Frameworks;
			sourceTree = "<group>";
		};
		D4179AD02689DAFA008A4B67 /* Assembly */ = {
			isa = PBXGroup;
			children = (
				D4179AD12689DB0E008A4B67 /* ManagerAssembly.swift */,
				D4179AD32689EDC4008A4B67 /* AutoAssemble.swift */,
			);
			path = Assembly;
			sourceTree = "<group>";
		};
		D43F5DFD2670065D00C17DF9 /* API */ = {
			isa = PBXGroup;
			children = (
				D43F5DFE2670067300C17DF9 /* LoginAPI.swift */,
				D4A974FA268279F10095EAE0 /* LoginResponse.swift */,
			);
			path = API;
			sourceTree = "<group>";
		};
		D43F5E04267010FF00C17DF9 /* Storyboards */ = {
			isa = PBXGroup;
			children = (
				D4931BE92657A6720017AD81 /* LaunchScreen.storyboard */,
				D4931BE42657A6700017AD81 /* Login.storyboard */,
				D43F5E0026700B9F00C17DF9 /* Dashboard.storyboard */,
			);
			path = Storyboards;
			sourceTree = "<group>";
		};
		D43F5E062670110F00C17DF9 /* Network */ = {
			isa = PBXGroup;
			children = (
				D43F5DFD2670065D00C17DF9 /* API */,
				D4A1FA0326657C020013FBBE /* NetworkManager.swift */,
				D4A4F51526662FC50026B0A6 /* MultiMoyaProvider.swift */,
			);
			path = Network;
			sourceTree = "<group>";
		};
		D43F5E072670114600C17DF9 /* Session */ = {
			isa = PBXGroup;
			children = (
				D4A1FA0526657C0F0013FBBE /* SessionManager.swift */,
			);
			path = Session;
			sourceTree = "<group>";
		};
		D4931BD22657A6700017AD81 = {
			isa = PBXGroup;
			children = (
				D4931BDD2657A6700017AD81 /* ios-learning-app */,
				D4931BDC2657A6700017AD81 /* Products */,
				E988A046F700C45BC9F74151 /* Pods */,
				8A56371886D380F2720ED68B /* Frameworks */,
			);
			sourceTree = "<group>";
		};
		D4931BDC2657A6700017AD81 /* Products */ = {
			isa = PBXGroup;
			children = (
				D4931BDB2657A6700017AD81 /* ios-learning-app.app */,
			);
			name = Products;
			sourceTree = "<group>";
		};
		D4931BDD2657A6700017AD81 /* ios-learning-app */ = {
			isa = PBXGroup;
			children = (
				D4179AD02689DAFA008A4B67 /* Assembly */,
				D4A974FC26828D950095EAE0 /* DI */,
				D4CF2EA626826E41008B72B3 /* Style */,
				D4D7CCC22679CCF500DF121B /* Mock */,
				D4E8C6FC267378F100F88572 /* UseCase */,
				D43F5E072670114600C17DF9 /* Session */,
				D43F5E062670110F00C17DF9 /* Network */,
				D43F5E04267010FF00C17DF9 /* Storyboards */,
				D4931BF52657EF880017AD81 /* Extension */,
				D4931BF22657BCEE0017AD81 /* Fonts */,
				D4931BDE2657A6700017AD81 /* AppDelegate.swift */,
				D4931BE02657A6700017AD81 /* SceneDelegate.swift */,
				D4931BE72657A6720017AD81 /* Assets.xcassets */,
				D4931BEC2657A6720017AD81 /* Info.plist */,
			);
			path = "ios-learning-app";
			sourceTree = "<group>";
		};
		D4931BF22657BCEE0017AD81 /* Fonts */ = {
			isa = PBXGroup;
			children = (
				D4931BF32657BCFF0017AD81 /* Roboto-Regular.ttf */,
			);
			path = Fonts;
			sourceTree = "<group>";
		};
		D4931BF52657EF880017AD81 /* Extension */ = {
			isa = PBXGroup;
			children = (
				D4931BF62657EFB20017AD81 /* TextFieldExtension.swift */,
			);
			name = Extension;
			path = "/Users/newmobileapp/Documents/ios-learning-app/ios-learning-app/Extension";
			sourceTree = "<absolute>";
		};
		D4A974FC26828D950095EAE0 /* DI */ = {
			isa = PBXGroup;
			children = (
				D4A974FD26828DA10095EAE0 /* Container.swift */,
			);
			path = DI;
			sourceTree = "<group>";
		};
		D4CF2EA626826E41008B72B3 /* Style */ = {
			isa = PBXGroup;
			children = (
			);
			path = Style;
			sourceTree = "<group>";
		};
		D4D7CCC22679CCF500DF121B /* Mock */ = {
			isa = PBXGroup;
			children = (
				D4D7CCC32679CD2400DF121B /* access_token.json */,
				D4D7CCC52679CD5000DF121B /* stubbedResponse.swift */,
			);
			path = Mock;
			sourceTree = "<group>";
		};
		D4E8C6FC267378F100F88572 /* UseCase */ = {
			isa = PBXGroup;
			children = (
				D4E8C6FE267378FF00F88572 /* Dashboard */,
				D4E8C6FD267378F900F88572 /* Login */,
			);
			path = UseCase;
			sourceTree = "<group>";
		};
		D4E8C6FD267378F900F88572 /* Login */ = {
			isa = PBXGroup;
			children = (
				D4931BE22657A6700017AD81 /* LoginViewController.swift */,
				D4A974F8268272740095EAE0 /* LoginViewModel.swift */,
			);
			name = Login;
			path = "/Users/newmobileapp/Documents/ios-learning-app/ios-learning-app/UseCase/Login";
			sourceTree = "<absolute>";
		};
		D4E8C6FE267378FF00F88572 /* Dashboard */ = {
			isa = PBXGroup;
			children = (
				D43F5E0226700C2B00C17DF9 /* DashboardViewController.swift */,
				D4CDBE422689F37E00C8E86A /* DashboardViewModel.swift */,
			);
			path = Dashboard;
			sourceTree = "<group>";
		};
		E988A046F700C45BC9F74151 /* Pods */ = {
			isa = PBXGroup;
			children = (
				76DA16EAFF84F288D80EF3D9 /* Pods-ios-learning-app.debug.xcconfig */,
				15FF72AB7015A5B890955155 /* Pods-ios-learning-app.release.xcconfig */,
			);
			path = Pods;
			sourceTree = "<group>";
		};
/* End PBXGroup section */

/* Begin PBXNativeTarget section */
		D4931BDA2657A6700017AD81 /* ios-learning-app */ = {
			isa = PBXNativeTarget;
			buildConfigurationList = D4931BEF2657A6720017AD81 /* Build configuration list for PBXNativeTarget "ios-learning-app" */;
			buildPhases = (
				5BA6EA1CE97981515EFC3795 /* [CP] Check Pods Manifest.lock */,
				D4931BD72657A6700017AD81 /* Sources */,
				D4931BD82657A6700017AD81 /* Frameworks */,
				D4931BD92657A6700017AD81 /* Resources */,
				31827CE181E9E3EDC3B27FF6 /* [CP] Embed Pods Frameworks */,
			);
			buildRules = (
			);
			dependencies = (
			);
			name = "ios-learning-app";
			productName = "ios-learning-app";
			productReference = D4931BDB2657A6700017AD81 /* ios-learning-app.app */;
			productType = "com.apple.product-type.application";
		};
/* End PBXNativeTarget section */

/* Begin PBXProject section */
		D4931BD32657A6700017AD81 /* Project object */ = {
			isa = PBXProject;
			attributes = {
				LastSwiftUpdateCheck = 1130;
				LastUpgradeCheck = 1130;
				ORGANIZATIONNAME = "Vivi Learns Everything";
				TargetAttributes = {
					D4931BDA2657A6700017AD81 = {
						CreatedOnToolsVersion = 11.3.1;
					};
				};
			};
			buildConfigurationList = D4931BD62657A6700017AD81 /* Build configuration list for PBXProject "ios-learning-app" */;
			compatibilityVersion = "Xcode 9.3";
			developmentRegion = en;
			hasScannedForEncodings = 0;
			knownRegions = (
				en,
				Base,
			);
			mainGroup = D4931BD22657A6700017AD81;
			productRefGroup = D4931BDC2657A6700017AD81 /* Products */;
			projectDirPath = "";
			projectRoot = "";
			targets = (
				D4931BDA2657A6700017AD81 /* ios-learning-app */,
			);
		};
/* End PBXProject section */

/* Begin PBXResourcesBuildPhase section */
		D4931BD92657A6700017AD81 /* Resources */ = {
			isa = PBXResourcesBuildPhase;
			buildActionMask = 2147483647;
			files = (
				D4931BEB2657A6720017AD81 /* LaunchScreen.storyboard in Resources */,
				D43F5E0126700B9F00C17DF9 /* Dashboard.storyboard in Resources */,
				D4931BE82657A6720017AD81 /* Assets.xcassets in Resources */,
				D4931BF42657BCFF0017AD81 /* Roboto-Regular.ttf in Resources */,
				D4931BE62657A6700017AD81 /* Login.storyboard in Resources */,
				D4D7CCC42679CD2400DF121B /* access_token.json in Resources */,
			);
			runOnlyForDeploymentPostprocessing = 0;
		};
/* End PBXResourcesBuildPhase section */

/* Begin PBXShellScriptBuildPhase section */
		31827CE181E9E3EDC3B27FF6 /* [CP] Embed Pods Frameworks */ = {
			isa = PBXShellScriptBuildPhase;
			buildActionMask = 2147483647;
			files = (
			);
			inputFileListPaths = (
				"${PODS_ROOT}/Target Support Files/Pods-ios-learning-app/Pods-ios-learning-app-frameworks-${CONFIGURATION}-input-files.xcfilelist",
			);
			name = "[CP] Embed Pods Frameworks";
			outputFileListPaths = (
				"${PODS_ROOT}/Target Support Files/Pods-ios-learning-app/Pods-ios-learning-app-frameworks-${CONFIGURATION}-output-files.xcfilelist",
			);
			runOnlyForDeploymentPostprocessing = 0;
			shellPath = /bin/sh;
			shellScript = "\"${PODS_ROOT}/Target Support Files/Pods-ios-learning-app/Pods-ios-learning-app-frameworks.sh\"\n";
			showEnvVarsInLog = 0;
		};
		5BA6EA1CE97981515EFC3795 /* [CP] Check Pods Manifest.lock */ = {
			isa = PBXShellScriptBuildPhase;
			buildActionMask = 2147483647;
			files = (
			);
			inputFileListPaths = (
			);
			inputPaths = (
				"${PODS_PODFILE_DIR_PATH}/Podfile.lock",
				"${PODS_ROOT}/Manifest.lock",
			);
			name = "[CP] Check Pods Manifest.lock";
			outputFileListPaths = (
			);
			outputPaths = (
				"$(DERIVED_FILE_DIR)/Pods-ios-learning-app-checkManifestLockResult.txt",
			);
			runOnlyForDeploymentPostprocessing = 0;
			shellPath = /bin/sh;
			shellScript = "diff \"${PODS_PODFILE_DIR_PATH}/Podfile.lock\" \"${PODS_ROOT}/Manifest.lock\" > /dev/null\nif [ $? != 0 ] ; then\n    # print error to STDERR\n    echo \"error: The sandbox is not in sync with the Podfile.lock. Run 'pod install' or update your CocoaPods installation.\" >&2\n    exit 1\nfi\n# This output is used by Xcode 'outputs' to avoid re-running this script phase.\necho \"SUCCESS\" > \"${SCRIPT_OUTPUT_FILE_0}\"\n";
			showEnvVarsInLog = 0;
		};
/* End PBXShellScriptBuildPhase section */

/* Begin PBXSourcesBuildPhase section */
		D4931BD72657A6700017AD81 /* Sources */ = {
			isa = PBXSourcesBuildPhase;
			buildActionMask = 2147483647;
			files = (
				D4D7CCC62679CD5000DF121B /* stubbedResponse.swift in Sources */,
				D4931BE32657A6700017AD81 /* LoginViewController.swift in Sources */,
				D4A974FB268279F10095EAE0 /* LoginResponse.swift in Sources */,
				D4A974F9268272740095EAE0 /* LoginViewModel.swift in Sources */,
				D43F5E0326700C2B00C17DF9 /* DashboardViewController.swift in Sources */,
				D4179AD42689EDC4008A4B67 /* AutoAssemble.swift in Sources */,
				D4931BF72657EFB20017AD81 /* TextFieldExtension.swift in Sources */,
				D4CDBE432689F37E00C8E86A /* DashboardViewModel.swift in Sources */,
				D4A1FA0626657C0F0013FBBE /* SessionManager.swift in Sources */,
				D4A4F51626662FC50026B0A6 /* MultiMoyaProvider.swift in Sources */,
				D4A1FA0426657C020013FBBE /* NetworkManager.swift in Sources */,
				D4931BDF2657A6700017AD81 /* AppDelegate.swift in Sources */,
				D4A974FE26828DA10095EAE0 /* Container.swift in Sources */,
				D4179AD22689DB0E008A4B67 /* ManagerAssembly.swift in Sources */,
				D4931BE12657A6700017AD81 /* SceneDelegate.swift in Sources */,
				D43F5DFF2670067300C17DF9 /* LoginAPI.swift in Sources */,
			);
			runOnlyForDeploymentPostprocessing = 0;
		};
/* End PBXSourcesBuildPhase section */

/* Begin PBXVariantGroup section */
		D4931BE42657A6700017AD81 /* Login.storyboard */ = {
			isa = PBXVariantGroup;
			children = (
				D4931BE52657A6700017AD81 /* Base */,
			);
			name = Login.storyboard;
			sourceTree = "<group>";
		};
		D4931BE92657A6720017AD81 /* LaunchScreen.storyboard */ = {
			isa = PBXVariantGroup;
			children = (
				D4931BEA2657A6720017AD81 /* Base */,
			);
			name = LaunchScreen.storyboard;
			sourceTree = "<group>";
		};
/* End PBXVariantGroup section */

/* Begin XCBuildConfiguration section */
		D4931BED2657A6720017AD81 /* Debug */ = {
			isa = XCBuildConfiguration;
			buildSettings = {
				ALWAYS_SEARCH_USER_PATHS = NO;
				CLANG_ANALYZER_NONNULL = YES;
				CLANG_ANALYZER_NUMBER_OBJECT_CONVERSION = YES_AGGRESSIVE;
				CLANG_CXX_LANGUAGE_STANDARD = "gnu++14";
				CLANG_CXX_LIBRARY = "libc++";
				CLANG_ENABLE_MODULES = YES;
				CLANG_ENABLE_OBJC_ARC = YES;
				CLANG_ENABLE_OBJC_WEAK = YES;
				CLANG_WARN_BLOCK_CAPTURE_AUTORELEASING = YES;
				CLANG_WARN_BOOL_CONVERSION = YES;
				CLANG_WARN_COMMA = YES;
				CLANG_WARN_CONSTANT_CONVERSION = YES;
				CLANG_WARN_DEPRECATED_OBJC_IMPLEMENTATIONS = YES;
				CLANG_WARN_DIRECT_OBJC_ISA_USAGE = YES_ERROR;
				CLANG_WARN_DOCUMENTATION_COMMENTS = YES;
				CLANG_WARN_EMPTY_BODY = YES;
				CLANG_WARN_ENUM_CONVERSION = YES;
				CLANG_WARN_INFINITE_RECURSION = YES;
				CLANG_WARN_INT_CONVERSION = YES;
				CLANG_WARN_NON_LITERAL_NULL_CONVERSION = YES;
				CLANG_WARN_OBJC_IMPLICIT_RETAIN_SELF = YES;
				CLANG_WARN_OBJC_LITERAL_CONVERSION = YES;
				CLANG_WARN_OBJC_ROOT_CLASS = YES_ERROR;
				CLANG_WARN_RANGE_LOOP_ANALYSIS = YES;
				CLANG_WARN_STRICT_PROTOTYPES = YES;
				CLANG_WARN_SUSPICIOUS_MOVE = YES;
				CLANG_WARN_UNGUARDED_AVAILABILITY = YES_AGGRESSIVE;
				CLANG_WARN_UNREACHABLE_CODE = YES;
				CLANG_WARN__DUPLICATE_METHOD_MATCH = YES;
				COPY_PHASE_STRIP = NO;
				DEBUG_INFORMATION_FORMAT = dwarf;
				ENABLE_STRICT_OBJC_MSGSEND = YES;
				ENABLE_TESTABILITY = YES;
				GCC_C_LANGUAGE_STANDARD = gnu11;
				GCC_DYNAMIC_NO_PIC = NO;
				GCC_NO_COMMON_BLOCKS = YES;
				GCC_OPTIMIZATION_LEVEL = 0;
				GCC_PREPROCESSOR_DEFINITIONS = (
					"DEBUG=1",
					"$(inherited)",
				);
				GCC_WARN_64_TO_32_BIT_CONVERSION = YES;
				GCC_WARN_ABOUT_RETURN_TYPE = YES_ERROR;
				GCC_WARN_UNDECLARED_SELECTOR = YES;
				GCC_WARN_UNINITIALIZED_AUTOS = YES_AGGRESSIVE;
				GCC_WARN_UNUSED_FUNCTION = YES;
				GCC_WARN_UNUSED_VARIABLE = YES;
				IPHONEOS_DEPLOYMENT_TARGET = 13.2;
				MTL_ENABLE_DEBUG_INFO = INCLUDE_SOURCE;
				MTL_FAST_MATH = YES;
				ONLY_ACTIVE_ARCH = YES;
				SDKROOT = iphoneos;
				SWIFT_ACTIVE_COMPILATION_CONDITIONS = DEBUG;
				SWIFT_OPTIMIZATION_LEVEL = "-Onone";
			};
			name = Debug;
		};
		D4931BEE2657A6720017AD81 /* Release */ = {
			isa = XCBuildConfiguration;
			buildSettings = {
				ALWAYS_SEARCH_USER_PATHS = NO;
				CLANG_ANALYZER_NONNULL = YES;
				CLANG_ANALYZER_NUMBER_OBJECT_CONVERSION = YES_AGGRESSIVE;
				CLANG_CXX_LANGUAGE_STANDARD = "gnu++14";
				CLANG_CXX_LIBRARY = "libc++";
				CLANG_ENABLE_MODULES = YES;
				CLANG_ENABLE_OBJC_ARC = YES;
				CLANG_ENABLE_OBJC_WEAK = YES;
				CLANG_WARN_BLOCK_CAPTURE_AUTORELEASING = YES;
				CLANG_WARN_BOOL_CONVERSION = YES;
				CLANG_WARN_COMMA = YES;
				CLANG_WARN_CONSTANT_CONVERSION = YES;
				CLANG_WARN_DEPRECATED_OBJC_IMPLEMENTATIONS = YES;
				CLANG_WARN_DIRECT_OBJC_ISA_USAGE = YES_ERROR;
				CLANG_WARN_DOCUMENTATION_COMMENTS = YES;
				CLANG_WARN_EMPTY_BODY = YES;
				CLANG_WARN_ENUM_CONVERSION = YES;
				CLANG_WARN_INFINITE_RECURSION = YES;
				CLANG_WARN_INT_CONVERSION = YES;
				CLANG_WARN_NON_LITERAL_NULL_CONVERSION = YES;
				CLANG_WARN_OBJC_IMPLICIT_RETAIN_SELF = YES;
				CLANG_WARN_OBJC_LITERAL_CONVERSION = YES;
				CLANG_WARN_OBJC_ROOT_CLASS = YES_ERROR;
				CLANG_WARN_RANGE_LOOP_ANALYSIS = YES;
				CLANG_WARN_STRICT_PROTOTYPES = YES;
				CLANG_WARN_SUSPICIOUS_MOVE = YES;
				CLANG_WARN_UNGUARDED_AVAILABILITY = YES_AGGRESSIVE;
				CLANG_WARN_UNREACHABLE_CODE = YES;
				CLANG_WARN__DUPLICATE_METHOD_MATCH = YES;
				COPY_PHASE_STRIP = NO;
				DEBUG_INFORMATION_FORMAT = "dwarf-with-dsym";
				ENABLE_NS_ASSERTIONS = NO;
				ENABLE_STRICT_OBJC_MSGSEND = YES;
				GCC_C_LANGUAGE_STANDARD = gnu11;
				GCC_NO_COMMON_BLOCKS = YES;
				GCC_WARN_64_TO_32_BIT_CONVERSION = YES;
				GCC_WARN_ABOUT_RETURN_TYPE = YES_ERROR;
				GCC_WARN_UNDECLARED_SELECTOR = YES;
				GCC_WARN_UNINITIALIZED_AUTOS = YES_AGGRESSIVE;
				GCC_WARN_UNUSED_FUNCTION = YES;
				GCC_WARN_UNUSED_VARIABLE = YES;
				IPHONEOS_DEPLOYMENT_TARGET = 13.2;
				MTL_ENABLE_DEBUG_INFO = NO;
				MTL_FAST_MATH = YES;
				SDKROOT = iphoneos;
				SWIFT_COMPILATION_MODE = wholemodule;
				SWIFT_OPTIMIZATION_LEVEL = "-O";
				VALIDATE_PRODUCT = YES;
			};
			name = Release;
		};
		D4931BF02657A6720017AD81 /* Debug */ = {
			isa = XCBuildConfiguration;
			baseConfigurationReference = 76DA16EAFF84F288D80EF3D9 /* Pods-ios-learning-app.debug.xcconfig */;
			buildSettings = {
				ASSETCATALOG_COMPILER_APPICON_NAME = AppIcon;
				CODE_SIGN_STYLE = Automatic;
				INFOPLIST_FILE = "ios-learning-app/Info.plist";
				LD_RUNPATH_SEARCH_PATHS = (
					"$(inherited)",
					"@executable_path/Frameworks",
				);
				PRODUCT_BUNDLE_IDENTIFIER = "com.vivi.learns.everything.ios-learning-app";
				PRODUCT_NAME = "$(TARGET_NAME)";
				SWIFT_VERSION = 5.0;
				TARGETED_DEVICE_FAMILY = "1,2";
			};
			name = Debug;
		};
		D4931BF12657A6720017AD81 /* Release */ = {
			isa = XCBuildConfiguration;
			baseConfigurationReference = 15FF72AB7015A5B890955155 /* Pods-ios-learning-app.release.xcconfig */;
			buildSettings = {
				ASSETCATALOG_COMPILER_APPICON_NAME = AppIcon;
				CODE_SIGN_STYLE = Automatic;
				INFOPLIST_FILE = "ios-learning-app/Info.plist";
				LD_RUNPATH_SEARCH_PATHS = (
					"$(inherited)",
					"@executable_path/Frameworks",
				);
				PRODUCT_BUNDLE_IDENTIFIER = "com.vivi.learns.everything.ios-learning-app";
				PRODUCT_NAME = "$(TARGET_NAME)";
				SWIFT_VERSION = 5.0;
				TARGETED_DEVICE_FAMILY = "1,2";
			};
			name = Release;
		};
/* End XCBuildConfiguration section */

/* Begin XCConfigurationList section */
		D4931BD62657A6700017AD81 /* Build configuration list for PBXProject "ios-learning-app" */ = {
			isa = XCConfigurationList;
			buildConfigurations = (
				D4931BED2657A6720017AD81 /* Debug */,
				D4931BEE2657A6720017AD81 /* Release */,
			);
			defaultConfigurationIsVisible = 0;
			defaultConfigurationName = Release;
		};
		D4931BEF2657A6720017AD81 /* Build configuration list for PBXNativeTarget "ios-learning-app" */ = {
			isa = XCConfigurationList;
			buildConfigurations = (
				D4931BF02657A6720017AD81 /* Debug */,
				D4931BF12657A6720017AD81 /* Release */,
			);
			defaultConfigurationIsVisible = 0;
			defaultConfigurationName = Release;
		};
/* End XCConfigurationList section */
	};
	rootObject = D4931BD32657A6700017AD81 /* Project object */;
}
